
Microsoft Visual Studio Solution File, Format Version 12.00
# Visual Studio Version 16
VisualStudioVersion = 16.0.29613.14
MinimumVisualStudioVersion = 10.0.40219.1
Project("{FAE04EC0-301F-11D3-BF4B-00C04F79EFBC}") = "ChartFormatRulesSample", "ChartFormatRulesSample\ChartFormatRulesSample.csproj", "{D931832F-B992-483B-806F-BEA13657D212}"
EndProject
Global
	GlobalSection(SolutionConfigurationPlatforms) = preSolution
		Debug|Any CPU = Debug|Any CPU
		Release|Any CPU = Release|Any CPU
	EndGlobalSection
	GlobalSection(ProjectConfigurationPlatforms) = postSolution
		{D931832F-B992-483B-806F-BEA13657D212}.Debug|Any CPU.ActiveCfg = Debug|Any CPU
		{D931832F-B992-483B-806F-BEA13657D212}.Debug|Any CPU.Build.0 = Debug|Any CPU
		{D931832F-B992-483B-806F-BEA13657D212}.Release|Any CPU.ActiveCfg = Release|Any CPU
		{D931832F-B992-483B-806F-BEA13657D212}.Release|Any CPU.Build.0 = Release|Any CPU
	EndGlobalSection
	GlobalSection(SolutionProperties) = preSolution
		HideSolutionNode = FALSE
	EndGlobalSection
	GlobalSection(ExtensibilityGlobals) = postSolution
		SolutionGuid = {58461CF4-E60A-4454-BC3D-36C707144D0F}
	EndGlobalSection
EndGlobal
